Microsoft Visual Studio Solution File, Format Version 11.00
# Visual Studio 2010
# SharpDevelop 4.4
Project("{FAE04EC0-301F-11D3-BF4B-00C04F79EFBC}") = "WalkmanLibTests", "WalkmanLibTests.csproj", "{21B3ED85-3F9C-0F8E-39DF-D6F60C5298E0}"
EndProject
Global
	GlobalSection(SolutionConfigurationPlatforms) = preSolution
		Debug|Any CPU = Debug|Any CPU
		Release|Any CPU = Release|Any CPU
		Debug|32-bit = Debug|32-bit
		Release|32-bit = Release|32-bit
		Debug|64-bit = Debug|64-bit
		Release|64-bit = Release|64-bit
	EndGlobalSection
	GlobalSection(ProjectConfigurationPlatforms) = postSolution
		{21B3ED85-3F9C-0F8E-39DF-D6F60C5298E0}.Debug|Any CPU.Build.0 = Debug|Any CPU
		{21B3ED85-3F9C-0F8E-39DF-D6F60C5298E0}.Debug|Any CPU.ActiveCfg = Debug|Any CPU
		{21B3ED85-3F9C-0F8E-39DF-D6F60C5298E0}.Release|Any CPU.Build.0 = Release|Any CPU
		{21B3ED85-3F9C-0F8E-39DF-D6F60C5298E0}.Release|Any CPU.ActiveCfg = Release|Any CPU
		{21B3ED85-3F9C-0F8E-39DF-D6F60C5298E0}.Debug|32-bit.Build.0 = Debug|32-bit
		{21B3ED85-3F9C-0F8E-39DF-D6F60C5298E0}.Debug|32-bit.ActiveCfg = Debug|32-bit
		{21B3ED85-3F9C-0F8E-39DF-D6F60C5298E0}.Release|32-bit.Build.0 = Release|32-bit
		{21B3ED85-3F9C-0F8E-39DF-D6F60C5298E0}.Release|32-bit.ActiveCfg = Release|32-bit
		{21B3ED85-3F9C-0F8E-39DF-D6F60C5298E0}.Debug|64-bit.Build.0 = Debug|64-bit
		{21B3ED85-3F9C-0F8E-39DF-D6F60C5298E0}.Debug|64-bit.ActiveCfg = Debug|64-bit
		{21B3ED85-3F9C-0F8E-39DF-D6F60C5298E0}.Release|64-bit.Build.0 = Release|64-bit
		{21B3ED85-3F9C-0F8E-39DF-D6F60C5298E0}.Release|64-bit.ActiveCfg = Release|64-bit
	EndGlobalSection
EndGlobal
